
Microsoft Visual Studio Solution File, Format Version 12.00
# Visual Studio 15
VisualStudioVersion = 15.0.26124.0
MinimumVisualStudioVersion = 15.0.26124.0
Project("{FAE04EC0-301F-11D3-BF4B-00C04F79EFBC}") = "application", "Api.Application\application.csproj", "{70647C3F-AE83-45E2-B37C-042B0450985F}"
EndProject
Project("{FAE04EC0-301F-11D3-BF4B-00C04F79EFBC}") = "Domain", "Api.Domain\Domain.csproj", "{ED41F3C4-8F15-4B9A-B739-EB14004119AA}"
EndProject
Project("{FAE04EC0-301F-11D3-BF4B-00C04F79EFBC}") = "CrossCutting", "Api.CrossCutting\CrossCutting.csproj", "{1ECDF047-04AB-4C27-994A-6904011AED22}"
EndProject
Project("{FAE04EC0-301F-11D3-BF4B-00C04F79EFBC}") = "Data", "Api.Data\Data.csproj", "{A4CAF771-9076-440D-87F2-9308555A5022}"
EndProject
Project("{FAE04EC0-301F-11D3-BF4B-00C04F79EFBC}") = "Service", "Api.Service\Service.csproj", "{DA2ABD63-FD10-4D80-9A6D-306DBC6E0939}"
EndProject
Global
	GlobalSection(SolutionConfigurationPlatforms) = preSolution
		Debug|Any CPU = Debug|Any CPU
		Debug|x64 = Debug|x64
		Debug|x86 = Debug|x86
		Release|Any CPU = Release|Any CPU
		Release|x64 = Release|x64
		Release|x86 = Release|x86
	EndGlobalSection
	GlobalSection(SolutionProperties) = preSolution
		HideSolutionNode = FALSE
	EndGlobalSection
	GlobalSection(ProjectConfigurationPlatforms) = postSolution
		{70647C3F-AE83-45E2-B37C-042B0450985F}.Debug|Any CPU.ActiveCfg = Debug|Any CPU
		{70647C3F-AE83-45E2-B37C-042B0450985F}.Debug|Any CPU.Build.0 = Debug|Any CPU
		{70647C3F-AE83-45E2-B37C-042B0450985F}.Debug|x64.ActiveCfg = Debug|Any CPU
		{70647C3F-AE83-45E2-B37C-042B0450985F}.Debug|x64.Build.0 = Debug|Any CPU
		{70647C3F-AE83-45E2-B37C-042B0450985F}.Debug|x86.ActiveCfg = Debug|Any CPU
		{70647C3F-AE83-45E2-B37C-042B0450985F}.Debug|x86.Build.0 = Debug|Any CPU
		{70647C3F-AE83-45E2-B37C-042B0450985F}.Release|Any CPU.ActiveCfg = Release|Any CPU
		{70647C3F-AE83-45E2-B37C-042B0450985F}.Release|Any CPU.Build.0 = Release|Any CPU
		{70647C3F-AE83-45E2-B37C-042B0450985F}.Release|x64.ActiveCfg = Release|Any CPU
		{70647C3F-AE83-45E2-B37C-042B0450985F}.Release|x64.Build.0 = Release|Any CPU
		{70647C3F-AE83-45E2-B37C-042B0450985F}.Release|x86.ActiveCfg = Release|Any CPU
		{70647C3F-AE83-45E2-B37C-042B0450985F}.Release|x86.Build.0 = Release|Any CPU
		{ED41F3C4-8F15-4B9A-B739-EB14004119AA}.Debug|Any CPU.ActiveCfg = Debug|Any CPU
		{ED41F3C4-8F15-4B9A-B739-EB14004119AA}.Debug|Any CPU.Build.0 = Debug|Any CPU
		{ED41F3C4-8F15-4B9A-B739-EB14004119AA}.Debug|x64.ActiveCfg = Debug|Any CPU
		{ED41F3C4-8F15-4B9A-B739-EB14004119AA}.Debug|x64.Build.0 = Debug|Any CPU
		{ED41F3C4-8F15-4B9A-B739-EB14004119AA}.Debug|x86.ActiveCfg = Debug|Any CPU
		{ED41F3C4-8F15-4B9A-B739-EB14004119AA}.Debug|x86.Build.0 = Debug|Any CPU
		{ED41F3C4-8F15-4B9A-B739-EB14004119AA}.Release|Any CPU.ActiveCfg = Release|Any CPU
		{ED41F3C4-8F15-4B9A-B739-EB14004119AA}.Release|Any CPU.Build.0 = Release|Any CPU
		{ED41F3C4-8F15-4B9A-B739-EB14004119AA}.Release|x64.ActiveCfg = Release|Any CPU
		{ED41F3C4-8F15-4B9A-B739-EB14004119AA}.Release|x64.Build.0 = Release|Any CPU
		{ED41F3C4-8F15-4B9A-B739-EB14004119AA}.Release|x86.ActiveCfg = Release|Any CPU
		{ED41F3C4-8F15-4B9A-B739-EB14004119AA}.Release|x86.Build.0 = Release|Any CPU
		{1ECDF047-04AB-4C27-994A-6904011AED22}.Debug|Any CPU.ActiveCfg = Debug|Any CPU
		{1ECDF047-04AB-4C27-994A-6904011AED22}.Debug|Any CPU.Build.0 = Debug|Any CPU
		{1ECDF047-04AB-4C27-994A-6904011AED22}.Debug|x64.ActiveCfg = Debug|Any CPU
		{1ECDF047-04AB-4C27-994A-6904011AED22}.Debug|x64.Build.0 = Debug|Any CPU
		{1ECDF047-04AB-4C27-994A-6904011AED22}.Debug|x86.ActiveCfg = Debug|Any CPU
		{1ECDF047-04AB-4C27-994A-6904011AED22}.Debug|x86.Build.0 = Debug|Any CPU
		{1ECDF047-04AB-4C27-994A-6904011AED22}.Release|Any CPU.ActiveCfg = Release|Any CPU
		{1ECDF047-04AB-4C27-994A-6904011AED22}.Release|Any CPU.Build.0 = Release|Any CPU
		{1ECDF047-04AB-4C27-994A-6904011AED22}.Release|x64.ActiveCfg = Release|Any CPU
		{1ECDF047-04AB-4C27-994A-6904011AED22}.Release|x64.Build.0 = Release|Any CPU
		{1ECDF047-04AB-4C27-994A-6904011AED22}.Release|x86.ActiveCfg = Release|Any CPU
		{1ECDF047-04AB-4C27-994A-6904011AED22}.Release|x86.Build.0 = Release|Any CPU
		{A4CAF771-9076-440D-87F2-9308555A5022}.Debug|Any CPU.ActiveCfg = Debug|Any CPU
		{A4CAF771-9076-440D-87F2-9308555A5022}.Debug|Any CPU.Build.0 = Debug|Any CPU
		{A4CAF771-9076-440D-87F2-9308555A5022}.Debug|x64.ActiveCfg = Debug|Any CPU
		{A4CAF771-9076-440D-87F2-9308555A5022}.Debug|x64.Build.0 = Debug|Any CPU
		{A4CAF771-9076-440D-87F2-9308555A5022}.Debug|x86.ActiveCfg = Debug|Any CPU
		{A4CAF771-9076-440D-87F2-9308555A5022}.Debug|x86.Build.0 = Debug|Any CPU
		{A4CAF771-9076-440D-87F2-9308555A5022}.Release|Any CPU.ActiveCfg = Release|Any CPU
		{A4CAF771-9076-440D-87F2-9308555A5022}.Release|Any CPU.Build.0 = Release|Any CPU
		{A4CAF771-9076-440D-87F2-9308555A5022}.Release|x64.ActiveCfg = Release|Any CPU
		{A4CAF771-9076-440D-87F2-9308555A5022}.Release|x64.Build.0 = Release|Any CPU
		{A4CAF771-9076-440D-87F2-9308555A5022}.Release|x86.ActiveCfg = Release|Any CPU
		{A4CAF771-9076-440D-87F2-9308555A5022}.Release|x86.Build.0 = Release|Any CPU
		{DA2ABD63-FD10-4D80-9A6D-306DBC6E0939}.Debug|Any CPU.ActiveCfg = Debug|Any CPU
		{DA2ABD63-FD10-4D80-9A6D-306DBC6E0939}.Debug|Any CPU.Build.0 = Debug|Any CPU
		{DA2ABD63-FD10-4D80-9A6D-306DBC6E0939}.Debug|x64.ActiveCfg = Debug|Any CPU
		{DA2ABD63-FD10-4D80-9A6D-306DBC6E0939}.Debug|x64.Build.0 = Debug|Any CPU
		{DA2ABD63-FD10-4D80-9A6D-306DBC6E0939}.Debug|x86.ActiveCfg = Debug|Any CPU
		{DA2ABD63-FD10-4D80-9A6D-306DBC6E0939}.Debug|x86.Build.0 = Debug|Any CPU
		{DA2ABD63-FD10-4D80-9A6D-306DBC6E0939}.Release|Any CPU.ActiveCfg = Release|Any CPU
		{DA2ABD63-FD10-4D80-9A6D-306DBC6E0939}.Release|Any CPU.Build.0 = Release|Any CPU
		{DA2ABD63-FD10-4D80-9A6D-306DBC6E0939}.Release|x64.ActiveCfg = Release|Any CPU
		{DA2ABD63-FD10-4D80-9A6D-306DBC6E0939}.Release|x64.Build.0 = Release|Any CPU
		{DA2ABD63-FD10-4D80-9A6D-306DBC6E0939}.Release|x86.ActiveCfg = Release|Any CPU
		{DA2ABD63-FD10-4D80-9A6D-306DBC6E0939}.Release|x86.Build.0 = Release|Any CPU
	EndGlobalSection
EndGlobal
